// !$*UTF8*$!
{
	archiveVersion = 1;
	classes = {
	};
	objectVersion = 55;
	objects = {

/* Begin PBXBuildFile section */
		5DE0B02527AE308A0071D962 /* InstaPayQrManager.m in Sources */ = {isa = PBXBuildFile; fileRef = 5DE0B02427AE308A0071D962 /* InstaPayQrManager.m */; };
		5DE0B02827AE33E30071D962 /* InstaPayQrManager.swift in Sources */ = {isa = PBXBuildFile; fileRef = 5DE0B02727AE33E30071D962 /* InstaPayQrManager.swift */; };
		5DE0B02A27AE34340071D962 /* InstaPayQrEventEmitter.swift in Sources */ = {isa = PBXBuildFile; fileRef = 5DE0B02927AE34340071D962 /* InstaPayQrEventEmitter.swift */; };
		5DE0B02C27AE349C0071D962 /* InstaPayQr.swift in Sources */ = {isa = PBXBuildFile; fileRef = 5DE0B02B27AE349C0071D962 /* InstaPayQr.swift */; };
/* End PBXBuildFile section */

/* Begin PBXCopyFilesBuildPhase section */
		5DE0B01627AE2F680071D962 /* CopyFiles */ = {
			isa = PBXCopyFilesBuildPhase;
			buildActionMask = 2147483647;
			dstPath = "include/$(PRODUCT_NAME)";
			dstSubfolderSpec = 16;
			files = (
			);
			runOnlyForDeploymentPostprocessing = 0;
		};
/* End PBXCopyFilesBuildPhase section */

/* Begin PBXFileReference section */
		5DE0B01827AE2F680071D962 /* libinstapayqr.a */ = {isa = PBXFileReference; explicitFileType = archive.ar; includeInIndex = 0; path = libinstapayqr.a; sourceTree = BUILT_PRODUCTS_DIR; };
		5DE0B02427AE308A0071D962 /* InstaPayQrManager.m */ = {isa = PBXFileReference; lastKnownFileType = sourcecode.c.objc; path = InstaPayQrManager.m; sourceTree = "<group>"; };
		5DE0B02627AE33E20071D962 /* instapayqr-Bridging-Header.h */ = {isa = PBXFileReference; lastKnownFileType = sourcecode.c.h; path = "instapayqr-Bridging-Header.h"; sourceTree = "<group>"; };
		5DE0B02727AE33E30071D962 /* InstaPayQrManager.swift */ = {isa = PBXFileReference; lastKnownFileType = sourcecode.swift; path = InstaPayQrManager.swift; sourceTree = "<group>"; };
		5DE0B02927AE34340071D962 /* InstaPayQrEventEmitter.swift */ = {isa = PBXFileReference; lastKnownFileType = sourcecode.swift; path = InstaPayQrEventEmitter.swift; sourceTree = "<group>"; };
		5DE0B02B27AE349C0071D962 /* InstaPayQr.swift */ = {isa = PBXFileReference; lastKnownFileType = sourcecode.swift; path = InstaPayQr.swift; sourceTree = "<group>"; };
/* End PBXFileReference section */

/* Begin PBXFrameworksBuildPhase section */
		5DE0B01527AE2F680071D962 /* Frameworks */ = {
			isa = PBXFrameworksBuildPhase;
			buildActionMask = 2147483647;
			files = (
			);
			runOnlyForDeploymentPostprocessing = 0;
		};
/* End PBXFrameworksBuildPhase section */

/* Begin PBXGroup section */
		5DE0B00F27AE2F680071D962 = {
			isa = PBXGroup;
			children = (
				5DE0B02B27AE349C0071D962 /* InstaPayQr.swift */,
				5DE0B02927AE34340071D962 /* InstaPayQrEventEmitter.swift */,
				5DE0B02727AE33E30071D962 /* InstaPayQrManager.swift */,
				5DE0B02427AE308A0071D962 /* InstaPayQrManager.m */,
				5DE0B01927AE2F680071D962 /* Products */,
				5DE0B02627AE33E20071D962 /* instapayqr-Bridging-Header.h */,
			);
			sourceTree = "<group>";
		};
		5DE0B01927AE2F680071D962 /* Products */ = {
			isa = PBXGroup;
			children = (
				5DE0B01827AE2F680071D962 /* libinstapayqr.a */,
			);
			name = Products;
			sourceTree = "<group>";
		};
/* End PBXGroup section */

/* Begin PBXNativeTarget section */
		5DE0B01727AE2F680071D962 /* instapayqr */ = {
			isa = PBXNativeTarget;
			buildConfigurationList = 5DE0B02127AE2F680071D962 /* Build configuration list for PBXNativeTarget "instapayqr" */;
			buildPhases = (
				5DE0B01427AE2F680071D962 /* Sources */,
				5DE0B01527AE2F680071D962 /* Frameworks */,
				5DE0B01627AE2F680071D962 /* CopyFiles */,
			);
			buildRules = (
			);
			dependencies = (
			);
			name = instapayqr;
			productName = instapayqr;
			productReference = 5DE0B01827AE2F680071D962 /* libinstapayqr.a */;
			productType = "com.apple.product-type.library.static";
		};
/* End PBXNativeTarget section */

/* Begin PBXProject section */
		5DE0B01027AE2F680071D962 /* Project object */ = {
			isa = PBXProject;
			attributes = {
				BuildIndependentTargetsInParallel = 1;
				LastUpgradeCheck = 1310;
				TargetAttributes = {
					5DE0B01727AE2F680071D962 = {
						CreatedOnToolsVersion = 13.1;
						LastSwiftMigration = 1310;
					};
				};
			};
			buildConfigurationList = 5DE0B01327AE2F680071D962 /* Build configuration list for PBXProject "InstaPayQr" */;
			compatibilityVersion = "Xcode 13.0";
			developmentRegion = en;
			hasScannedForEncodings = 0;
			knownRegions = (
				en,
				Base,
			);
			mainGroup = 5DE0B00F27AE2F680071D962;
			productRefGroup = 5DE0B01927AE2F680071D962 /* Products */;
			projectDirPath = "";
			projectRoot = "";
			targets = (
				5DE0B01727AE2F680071D962 /* instapayqr */,
			);
		};
/* End PBXProject section */

/* Begin PBXSourcesBuildPhase section */
		5DE0B01427AE2F680071D962 /* Sources */ = {
			isa = PBXSourcesBuildPhase;
			buildActionMask = 2147483647;
			files = (
				5DE0B02A27AE34340071D962 /* InstaPayQrEventEmitter.swift in Sources */,
				5DE0B02527AE308A0071D962 /* InstaPayQrManager.m in Sources */,
				5DE0B02827AE33E30071D962 /* InstaPayQrManager.swift in Sources */,
				5DE0B02C27AE349C0071D962 /* InstaPayQr.swift in Sources */,
			);
			runOnlyForDeploymentPostprocessing = 0;
		};
/* End PBXSourcesBuildPhase section */

/* Begin XCBuildConfiguration section */
		5DE0B01F27AE2F680071D962 /* Debug */ = {
			isa = XCBuildConfiguration;
			buildSettings = {
				ALWAYS_SEARCH_USER_PATHS = NO;
				CLANG_ANALYZER_NONNULL = YES;
				CLANG_ANALYZER_NUMBER_OBJECT_CONVERSION = YES_AGGRESSIVE;
				CLANG_CXX_LANGUAGE_STANDARD = "gnu++17";
				CLANG_CXX_LIBRARY = "libc++";
				CLANG_ENABLE_MODULES = YES;
				CLANG_ENABLE_OBJC_ARC = YES;
				CLANG_ENABLE_OBJC_WEAK = YES;
				CLANG_WARN_BLOCK_CAPTURE_AUTORELEASING = YES;
				CLANG_WARN_BOOL_CONVERSION = YES;
				CLANG_WARN_COMMA = YES;
				CLANG_WARN_CONSTANT_CONVERSION = YES;
				CLANG_WARN_DEPRECATED_OBJC_IMPLEMENTATIONS = YES;
				CLANG_WARN_DIRECT_OBJC_ISA_USAGE = YES_ERROR;
				CLANG_WARN_DOCUMENTATION_COMMENTS = YES;
				CLANG_WARN_EMPTY_BODY = YES;
				CLANG_WARN_ENUM_CONVERSION = YES;
				CLANG_WARN_INFINITE_RECURSION = YES;
				CLANG_WARN_INT_CONVERSION = YES;
				CLANG_WARN_NON_LITERAL_NULL_CONVERSION = YES;
				CLANG_WARN_OBJC_IMPLICIT_RETAIN_SELF = YES;
				CLANG_WARN_OBJC_LITERAL_CONVERSION = YES;
				CLANG_WARN_OBJC_ROOT_CLASS = YES_ERROR;
				CLANG_WARN_QUOTED_INCLUDE_IN_FRAMEWORK_HEADER = YES;
				CLANG_WARN_RANGE_LOOP_ANALYSIS = YES;
				CLANG_WARN_STRICT_PROTOTYPES = YES;
				CLANG_WARN_SUSPICIOUS_MOVE = YES;
				CLANG_WARN_UNGUARDED_AVAILABILITY = YES_AGGRESSIVE;
				CLANG_WARN_UNREACHABLE_CODE = YES;
				CLANG_WARN__DUPLICATE_METHOD_MATCH = YES;
				COPY_PHASE_STRIP = NO;
				DEBUG_INFORMATION_FORMAT = dwarf;
				ENABLE_STRICT_OBJC_MSGSEND = YES;
				ENABLE_TESTABILITY = YES;
				GCC_C_LANGUAGE_STANDARD = gnu11;
				GCC_DYNAMIC_NO_PIC = NO;
				GCC_NO_COMMON_BLOCKS = YES;
				GCC_OPTIMIZATION_LEVEL = 0;
				GCC_PREPROCESSOR_DEFINITIONS = (
					"DEBUG=1",
					"$(inherited)",
				);
				GCC_WARN_64_TO_32_BIT_CONVERSION = YES;
				GCC_WARN_ABOUT_RETURN_TYPE = YES_ERROR;
				GCC_WARN_UNDECLARED_SELECTOR = YES;
				GCC_WARN_UNINITIALIZED_AUTOS = YES_AGGRESSIVE;
				GCC_WARN_UNUSED_FUNCTION = YES;
				GCC_WARN_UNUSED_VARIABLE = YES;
				IPHONEOS_DEPLOYMENT_TARGET = 15.0;
				MTL_ENABLE_DEBUG_INFO = INCLUDE_SOURCE;
				MTL_FAST_MATH = YES;
				ONLY_ACTIVE_ARCH = YES;
				SDKROOT = iphoneos;
			};
			name = Debug;
		};
		5DE0B02027AE2F680071D962 /* Release */ = {
			isa = XCBuildConfiguration;
			buildSettings = {
				ALWAYS_SEARCH_USER_PATHS = NO;
				CLANG_ANALYZER_NONNULL = YES;
				CLANG_ANALYZER_NUMBER_OBJECT_CONVERSION = YES_AGGRESSIVE;
				CLANG_CXX_LANGUAGE_STANDARD = "gnu++17";
				CLANG_CXX_LIBRARY = "libc++";
				CLANG_ENABLE_MODULES = YES;
				CLANG_ENABLE_OBJC_ARC = YES;
				CLANG_ENABLE_OBJC_WEAK = YES;
				CLANG_WARN_BLOCK_CAPTURE_AUTORELEASING = YES;
				CLANG_WARN_BOOL_CONVERSION = YES;
				CLANG_WARN_COMMA = YES;
				CLANG_WARN_CONSTANT_CONVERSION = YES;
				CLANG_WARN_DEPRECATED_OBJC_IMPLEMENTATIONS = YES;
				CLANG_WARN_DIRECT_OBJC_ISA_USAGE = YES_ERROR;
				CLANG_WARN_DOCUMENTATION_COMMENTS = YES;
				CLANG_WARN_EMPTY_BODY = YES;
				CLANG_WARN_ENUM_CONVERSION = YES;
				CLANG_WARN_INFINITE_RECURSION = YES;
				CLANG_WARN_INT_CONVERSION = YES;
				CLANG_WARN_NON_LITERAL_NULL_CONVERSION = YES;
				CLANG_WARN_OBJC_IMPLICIT_RETAIN_SELF = YES;
				CLANG_WARN_OBJC_LITERAL_CONVERSION = YES;
				CLANG_WARN_OBJC_ROOT_CLASS = YES_ERROR;
				CLANG_WARN_QUOTED_INCLUDE_IN_FRAMEWORK_HEADER = YES;
				CLANG_WARN_RANGE_LOOP_ANALYSIS = YES;
				CLANG_WARN_STRICT_PROTOTYPES = YES;
				CLANG_WARN_SUSPICIOUS_MOVE = YES;
				CLANG_WARN_UNGUARDED_AVAILABILITY = YES_AGGRESSIVE;
				CLANG_WARN_UNREACHABLE_CODE = YES;
				CLANG_WARN__DUPLICATE_METHOD_MATCH = YES;
				COPY_PHASE_STRIP = NO;
				DEBUG_INFORMATION_FORMAT = "dwarf-with-dsym";
				ENABLE_NS_ASSERTIONS = NO;
				ENABLE_STRICT_OBJC_MSGSEND = YES;
				GCC_C_LANGUAGE_STANDARD = gnu11;
				GCC_NO_COMMON_BLOCKS = YES;
				GCC_WARN_64_TO_32_BIT_CONVERSION = YES;
				GCC_WARN_ABOUT_RETURN_TYPE = YES_ERROR;
				GCC_WARN_UNDECLARED_SELECTOR = YES;
				GCC_WARN_UNINITIALIZED_AUTOS = YES_AGGRESSIVE;
				GCC_WARN_UNUSED_FUNCTION = YES;
				GCC_WARN_UNUSED_VARIABLE = YES;
				IPHONEOS_DEPLOYMENT_TARGET = 15.0;
				MTL_ENABLE_DEBUG_INFO = NO;
				MTL_FAST_MATH = YES;
				SDKROOT = iphoneos;
				VALIDATE_PRODUCT = YES;
			};
			name = Release;
		};
		5DE0B02227AE2F680071D962 /* Debug */ = {
			isa = XCBuildConfiguration;
			buildSettings = {
				CLANG_ENABLE_MODULES = YES;
				CODE_SIGN_STYLE = Automatic;
				LD_RUNPATH_SEARCH_PATHS = (
					"$(inherited)",
					"@executable_path/Frameworks",
					"@loader_path/Frameworks",
				);
				OTHER_LDFLAGS = "-ObjC";
				PRODUCT_NAME = "$(TARGET_NAME)";
				SKIP_INSTALL = YES;
				SWIFT_OBJC_BRIDGING_HEADER = "instapayqr-Bridging-Header.h";
				SWIFT_OPTIMIZATION_LEVEL = "-Onone";
				SWIFT_VERSION = 5.0;
				TARGETED_DEVICE_FAMILY = "1,2";
			};
			name = Debug;
		};
		5DE0B02327AE2F680071D962 /* Release */ = {
			isa = XCBuildConfiguration;
			buildSettings = {
				CLANG_ENABLE_MODULES = YES;
				CODE_SIGN_STYLE = Automatic;
				LD_RUNPATH_SEARCH_PATHS = (
					"$(inherited)",
					"@executable_path/Frameworks",
					"@loader_path/Frameworks",
				);
				OTHER_LDFLAGS = "-ObjC";
				PRODUCT_NAME = "$(TARGET_NAME)";
				SKIP_INSTALL = YES;
				SWIFT_OBJC_BRIDGING_HEADER = "instapayqr-Bridging-Header.h";
				SWIFT_VERSION = 5.0;
				TARGETED_DEVICE_FAMILY = "1,2";
			};
			name = Release;
		};
/* End XCBuildConfiguration section */

/* Begin XCConfigurationList section */
		5DE0B01327AE2F680071D962 /* Build configuration list for PBXProject "InstaPayQr" */ = {
			isa = XCConfigurationList;
			buildConfigurations = (
				5DE0B01F27AE2F680071D962 /* Debug */,
				5DE0B02027AE2F680071D962 /* Release */,
			);
			defaultConfigurationIsVisible = 0;
			defaultConfigurationName = Release;
		};
		5DE0B02127AE2F680071D962 /* Build configuration list for PBXNativeTarget "instapayqr" */ = {
			isa = XCConfigurationList;
			buildConfigurations = (
				5DE0B02227AE2F680071D962 /* Debug */,
				5DE0B02327AE2F680071D962 /* Release */,
			);
			defaultConfigurationIsVisible = 0;
			defaultConfigurationName = Release;
		};
/* End XCConfigurationList section */
	};
	rootObject = 5DE0B01027AE2F680071D962 /* Project object */;
}
